
Microsoft Visual Studio Solution File, Format Version 12.00
# Visual Studio Version 16
VisualStudioVersion = 16.0.30413.136
MinimumVisualStudioVersion = 10.0.40219.1
Project("{FAE04EC0-301F-11D3-BF4B-00C04F79EFBC}") = "laba_4", "laba_4\laba_4.csproj", "{89A43D93-8927-4333-B2A6-30AE619AE634}"
EndProject
Global
	GlobalSection(SolutionConfigurationPlatforms) = preSolution
		Debug|Any CPU = Debug|Any CPU
		Release|Any CPU = Release|Any CPU
	EndGlobalSection
	GlobalSection(ProjectConfigurationPlatforms) = postSolution
		{89A43D93-8927-4333-B2A6-30AE619AE634}.Debug|Any CPU.ActiveCfg = Debug|Any CPU
		{89A43D93-8927-4333-B2A6-30AE619AE634}.Debug|Any CPU.Build.0 = Debug|Any CPU
		{89A43D93-8927-4333-B2A6-30AE619AE634}.Release|Any CPU.ActiveCfg = Release|Any CPU
		{89A43D93-8927-4333-B2A6-30AE619AE634}.Release|Any CPU.Build.0 = Release|Any CPU
	EndGlobalSection
	GlobalSection(SolutionProperties) = preSolution
		HideSolutionNode = FALSE
	EndGlobalSection
	GlobalSection(ExtensibilityGlobals) = postSolution
		SolutionGuid = {2BC902BC-DB40-43FB-B8C0-D7376432157A}
	EndGlobalSection
EndGlobal
